
Microsoft Visual Studio Solution File, Format Version 12.00
# Visual Studio Version 17
VisualStudioVersion = 17.1.32228.430
MinimumVisualStudioVersion = 10.0.40219.1
Project("{9A19103F-16F7-4668-BE54-9A1E7A4F7556}") = "EasyFlow", "EasyFlow\EasyFlow.csproj", "{20A4819A-AA48-4108-BA78-95284F9056B4}"
EndProject
Project("{9A19103F-16F7-4668-BE54-9A1E7A4F7556}") = "Contracts", "Contracts\Contracts.csproj", "{9E7DC3CA-FD47-4DD0-BD86-0F6345118E89}"
EndProject
Project("{9A19103F-16F7-4668-BE54-9A1E7A4F7556}") = "LoggerService", "LoggerService\LoggerService.csproj", "{55A38C4F-EFBD-4896-862B-BB2040333E5E}"
EndProject
Project("{FAE04EC0-301F-11D3-BF4B-00C04F79EFBC}") = "Entities", "Entities\Entities.csproj", "{4A0B9450-99B7-4CFF-A0DE-42064D8E14A1}"
EndProject
Global
	GlobalSection(SolutionConfigurationPlatforms) = preSolution
		Debug|Any CPU = Debug|Any CPU
		Release|Any CPU = Release|Any CPU
	EndGlobalSection
	GlobalSection(ProjectConfigurationPlatforms) = postSolution
		{20A4819A-AA48-4108-BA78-95284F9056B4}.Debug|Any CPU.ActiveCfg = Debug|Any CPU
		{20A4819A-AA48-4108-BA78-95284F9056B4}.Debug|Any CPU.Build.0 = Debug|Any CPU
		{20A4819A-AA48-4108-BA78-95284F9056B4}.Release|Any CPU.ActiveCfg = Release|Any CPU
		{20A4819A-AA48-4108-BA78-95284F9056B4}.Release|Any CPU.Build.0 = Release|Any CPU
		{9E7DC3CA-FD47-4DD0-BD86-0F6345118E89}.Debug|Any CPU.ActiveCfg = Debug|Any CPU
		{9E7DC3CA-FD47-4DD0-BD86-0F6345118E89}.Debug|Any CPU.Build.0 = Debug|Any CPU
		{9E7DC3CA-FD47-4DD0-BD86-0F6345118E89}.Release|Any CPU.ActiveCfg = Release|Any CPU
		{9E7DC3CA-FD47-4DD0-BD86-0F6345118E89}.Release|Any CPU.Build.0 = Release|Any CPU
		{55A38C4F-EFBD-4896-862B-BB2040333E5E}.Debug|Any CPU.ActiveCfg = Debug|Any CPU
		{55A38C4F-EFBD-4896-862B-BB2040333E5E}.Debug|Any CPU.Build.0 = Debug|Any CPU
		{55A38C4F-EFBD-4896-862B-BB2040333E5E}.Release|Any CPU.ActiveCfg = Release|Any CPU
		{55A38C4F-EFBD-4896-862B-BB2040333E5E}.Release|Any CPU.Build.0 = Release|Any CPU
		{4A0B9450-99B7-4CFF-A0DE-42064D8E14A1}.Debug|Any CPU.ActiveCfg = Debug|Any CPU
		{4A0B9450-99B7-4CFF-A0DE-42064D8E14A1}.Debug|Any CPU.Build.0 = Debug|Any CPU
		{4A0B9450-99B7-4CFF-A0DE-42064D8E14A1}.Release|Any CPU.ActiveCfg = Release|Any CPU
		{4A0B9450-99B7-4CFF-A0DE-42064D8E14A1}.Release|Any CPU.Build.0 = Release|Any CPU
	EndGlobalSection
	GlobalSection(SolutionProperties) = preSolution
		HideSolutionNode = FALSE
	EndGlobalSection
	GlobalSection(ExtensibilityGlobals) = postSolution
		SolutionGuid = {2FA1C7CD-8189-4829-825D-84740E01201E}
	EndGlobalSection
EndGlobal
